
Microsoft Visual Studio Solution File, Format Version 12.00
# Visual Studio Version 17
VisualStudioVersion = 17.8.34330.188
MinimumVisualStudioVersion = 10.0.40219.1
Project("{9A19103F-16F7-4668-BE54-9A1E7A4F7556}") = "IKVM.Reflection", "src\IKVM.Reflection\IKVM.Reflection.csproj", "{1B2365DD-F2B8-4299-921D-DF6F9BA46EA0}"
EndProject
Project("{9A19103F-16F7-4668-BE54-9A1E7A4F7556}") = "IKVM.Reflection.Metadata", "src\IKVM.Reflection.Metadata\IKVM.Reflection.Metadata.csproj", "{1659CB35-7C32-4108-B5C8-8FB2CF6CF884}"
EndProject
Project("{FAE04EC0-301F-11D3-BF4B-00C04F79EFBC}") = "IKVM.Reflection.Tests", "src\IKVM.Reflection.Tests\IKVM.Reflection.Tests.csproj", "{F140E5C1-6E8E-401F-A6DE-79041802DA06}"
EndProject
Project("{FAE04EC0-301F-11D3-BF4B-00C04F79EFBC}") = "IKVM.Reflection.Reflection", "src\IKVM.Reflection.Reflection\IKVM.Reflection.Reflection.csproj", "{863DFEED-FEB5-4880-BBC6-DC93B3B3AC8D}"
EndProject
Global
	GlobalSection(SolutionConfigurationPlatforms) = preSolution
		Debug|Any CPU = Debug|Any CPU
		Release|Any CPU = Release|Any CPU
	EndGlobalSection
	GlobalSection(ProjectConfigurationPlatforms) = postSolution
		{1B2365DD-F2B8-4299-921D-DF6F9BA46EA0}.Debug|Any CPU.ActiveCfg = Debug|Any CPU
		{1B2365DD-F2B8-4299-921D-DF6F9BA46EA0}.Debug|Any CPU.Build.0 = Debug|Any CPU
		{1B2365DD-F2B8-4299-921D-DF6F9BA46EA0}.Release|Any CPU.ActiveCfg = Release|Any CPU
		{1B2365DD-F2B8-4299-921D-DF6F9BA46EA0}.Release|Any CPU.Build.0 = Release|Any CPU
		{1659CB35-7C32-4108-B5C8-8FB2CF6CF884}.Debug|Any CPU.ActiveCfg = Debug|Any CPU
		{1659CB35-7C32-4108-B5C8-8FB2CF6CF884}.Debug|Any CPU.Build.0 = Debug|Any CPU
		{1659CB35-7C32-4108-B5C8-8FB2CF6CF884}.Release|Any CPU.ActiveCfg = Release|Any CPU
		{1659CB35-7C32-4108-B5C8-8FB2CF6CF884}.Release|Any CPU.Build.0 = Release|Any CPU
		{F140E5C1-6E8E-401F-A6DE-79041802DA06}.Debug|Any CPU.ActiveCfg = Debug|Any CPU
		{F140E5C1-6E8E-401F-A6DE-79041802DA06}.Debug|Any CPU.Build.0 = Debug|Any CPU
		{F140E5C1-6E8E-401F-A6DE-79041802DA06}.Release|Any CPU.ActiveCfg = Release|Any CPU
		{F140E5C1-6E8E-401F-A6DE-79041802DA06}.Release|Any CPU.Build.0 = Release|Any CPU
		{863DFEED-FEB5-4880-BBC6-DC93B3B3AC8D}.Debug|Any CPU.ActiveCfg = Debug|Any CPU
		{863DFEED-FEB5-4880-BBC6-DC93B3B3AC8D}.Debug|Any CPU.Build.0 = Debug|Any CPU
		{863DFEED-FEB5-4880-BBC6-DC93B3B3AC8D}.Release|Any CPU.ActiveCfg = Release|Any CPU
		{863DFEED-FEB5-4880-BBC6-DC93B3B3AC8D}.Release|Any CPU.Build.0 = Release|Any CPU
	EndGlobalSection
	GlobalSection(SolutionProperties) = preSolution
		HideSolutionNode = FALSE
	EndGlobalSection
	GlobalSection(ExtensibilityGlobals) = postSolution
		SolutionGuid = {DE98FE59-2FF8-4AE6-80DD-C7A93D840955}
	EndGlobalSection
EndGlobal
